
Microsoft Visual Studio Solution File, Format Version 11.00
# Visual Studio 2010
Project("{FAE04EC0-301F-11D3-BF4B-00C04F79EFBC}") = "FacetedWorlds.MyCon.Model", "Desktop\FacetedWorlds.MyCon.Model\FacetedWorlds.MyCon.Model.csproj", "{D2108D96-F5AB-4E8A-AA79-986006EB4393}"
EndProject
Project("{FAE04EC0-301F-11D3-BF4B-00C04F79EFBC}") = "FacetedWorlds.MyCon.Web", "Web\FacetedWorlds.MyCon.Web\FacetedWorlds.MyCon.Web.csproj", "{58DEEB22-8E6B-4113-976D-EBE78C054519}"
EndProject
Global
	GlobalSection(SolutionConfigurationPlatforms) = preSolution
		Debug|Any CPU = Debug|Any CPU
		Release|Any CPU = Release|Any CPU
	EndGlobalSection
	GlobalSection(ProjectConfigurationPlatforms) = postSolution
		{D2108D96-F5AB-4E8A-AA79-986006EB4393}.Debug|Any CPU.ActiveCfg = Debug|Any CPU
		{D2108D96-F5AB-4E8A-AA79-986006EB4393}.Debug|Any CPU.Build.0 = Debug|Any CPU
		{D2108D96-F5AB-4E8A-AA79-986006EB4393}.Release|Any CPU.ActiveCfg = Release|Any CPU
		{D2108D96-F5AB-4E8A-AA79-986006EB4393}.Release|Any CPU.Build.0 = Release|Any CPU
		{58DEEB22-8E6B-4113-976D-EBE78C054519}.Debug|Any CPU.ActiveCfg = Debug|Any CPU
		{58DEEB22-8E6B-4113-976D-EBE78C054519}.Debug|Any CPU.Build.0 = Debug|Any CPU
		{58DEEB22-8E6B-4113-976D-EBE78C054519}.Release|Any CPU.ActiveCfg = Release|Any CPU
		{58DEEB22-8E6B-4113-976D-EBE78C054519}.Release|Any CPU.Build.0 = Release|Any CPU
	EndGlobalSection
	GlobalSection(SolutionProperties) = preSolution
		HideSolutionNode = FALSE
	EndGlobalSection
EndGlobal
