
Microsoft Visual Studio Solution File, Format Version 11.00
# Visual Studio 2010
Project("{2150E333-8FDC-42A3-9474-1A3956D46DE8}") = "Silverlight4", "Silverlight4", "{8DBA6D95-E81A-4D49-A3B7-DFB691415108}"
EndProject
Project("{FAE04EC0-301F-11D3-BF4B-00C04F79EFBC}") = "FacetedWorlds.MyCon.Model", "Silverlight4\FacetedWorlds.MyCon.Model\FacetedWorlds.MyCon.Model.csproj", "{835D447C-0578-49D3-8B9E-F4DA84CBED06}"
EndProject
Project("{2150E333-8FDC-42A3-9474-1A3956D46DE8}") = "WP7", "WP7", "{31F5FDD7-C2CE-473F-9A4E-2209EE213A61}"
EndProject
Project("{FAE04EC0-301F-11D3-BF4B-00C04F79EFBC}") = "FacetedWorlds.MyCon.Model", "WP7\FacetedWorlds.MyCon.Model\FacetedWorlds.MyCon.Model.csproj", "{C2A15C3B-BA6E-4FE4-9E69-B3CDE6CD8B75}"
EndProject
Project("{FAE04EC0-301F-11D3-BF4B-00C04F79EFBC}") = "FacetedWorlds.MyCon", "WP7\FacetedWorlds.MyCon\FacetedWorlds.MyCon.csproj", "{232FB19D-F176-4299-B196-B01F77B50D39}"
EndProject
Project("{FAE04EC0-301F-11D3-BF4B-00C04F79EFBC}") = "MultiTouch.Behaviors.WP7", "WP7\MultiTouch.Behaviors.WP7\MultiTouch.Behaviors.WP7.csproj", "{FADADBA6-1C7C-4790-B28A-742B003A5AC1}"
EndProject
Project("{FAE04EC0-301F-11D3-BF4B-00C04F79EFBC}") = "FacetedWorlds.MyCon", "Silverlight4\FacetedWorlds.MyCon\FacetedWorlds.MyCon.csproj", "{EFE864C3-6C11-4A06-9E9A-BD084AA82E96}"
EndProject
Project("{2150E333-8FDC-42A3-9474-1A3956D46DE8}") = "Desktop", "Desktop", "{BEB87237-5D9C-4EF9-95BE-7758430926AF}"
EndProject
Project("{FAE04EC0-301F-11D3-BF4B-00C04F79EFBC}") = "FacetedWorlds.MyCon.Model", "Desktop\FacetedWorlds.MyCon.Model\FacetedWorlds.MyCon.Model.csproj", "{D2108D96-F5AB-4E8A-AA79-986006EB4393}"
EndProject
Project("{FAE04EC0-301F-11D3-BF4B-00C04F79EFBC}") = "FacetedWorlds.MyCon.Capture", "Desktop\FacetedWorlds.MyCon.Capture\FacetedWorlds.MyCon.Capture.csproj", "{A4AA5EE1-C717-4D27-B6C9-713D2D42220E}"
EndProject
Project("{FAE04EC0-301F-11D3-BF4B-00C04F79EFBC}") = "FacetedWorlds.MyCon.Presentation", "Silverlight4\FacetedWorlds.MyCon.Presentation\FacetedWorlds.MyCon.Presentation.csproj", "{54A3F441-6FE4-4BE1-A669-C35941B2DB17}"
EndProject
Project("{FAE04EC0-301F-11D3-BF4B-00C04F79EFBC}") = "SL_Drag_Drop_BaseClasses", "Silverlight4\SL_Drag_Drop_BaseClasses\SL_Drag_Drop_BaseClasses.csproj", "{912977D5-0889-4433-9C63-A37B01411EBC}"
EndProject
Global
	GlobalSection(SolutionConfigurationPlatforms) = preSolution
		Debug|Any CPU = Debug|Any CPU
		Debug|Mixed Platforms = Debug|Mixed Platforms
		Debug|x86 = Debug|x86
		Release|Any CPU = Release|Any CPU
		Release|Mixed Platforms = Release|Mixed Platforms
		Release|x86 = Release|x86
	EndGlobalSection
	GlobalSection(ProjectConfigurationPlatforms) = postSolution
		{835D447C-0578-49D3-8B9E-F4DA84CBED06}.Debug|Any CPU.ActiveCfg = Debug|Any CPU
		{835D447C-0578-49D3-8B9E-F4DA84CBED06}.Debug|Any CPU.Build.0 = Debug|Any CPU
		{835D447C-0578-49D3-8B9E-F4DA84CBED06}.Debug|Mixed Platforms.ActiveCfg = Debug|Any CPU
		{835D447C-0578-49D3-8B9E-F4DA84CBED06}.Debug|Mixed Platforms.Build.0 = Debug|Any CPU
		{835D447C-0578-49D3-8B9E-F4DA84CBED06}.Debug|x86.ActiveCfg = Debug|Any CPU
		{835D447C-0578-49D3-8B9E-F4DA84CBED06}.Release|Any CPU.ActiveCfg = Release|Any CPU
		{835D447C-0578-49D3-8B9E-F4DA84CBED06}.Release|Any CPU.Build.0 = Release|Any CPU
		{835D447C-0578-49D3-8B9E-F4DA84CBED06}.Release|Mixed Platforms.ActiveCfg = Release|Any CPU
		{835D447C-0578-49D3-8B9E-F4DA84CBED06}.Release|Mixed Platforms.Build.0 = Release|Any CPU
		{835D447C-0578-49D3-8B9E-F4DA84CBED06}.Release|x86.ActiveCfg = Release|Any CPU
		{C2A15C3B-BA6E-4FE4-9E69-B3CDE6CD8B75}.Debug|Any CPU.ActiveCfg = Debug|Any CPU
		{C2A15C3B-BA6E-4FE4-9E69-B3CDE6CD8B75}.Debug|Any CPU.Build.0 = Debug|Any CPU
		{C2A15C3B-BA6E-4FE4-9E69-B3CDE6CD8B75}.Debug|Mixed Platforms.ActiveCfg = Debug|Any CPU
		{C2A15C3B-BA6E-4FE4-9E69-B3CDE6CD8B75}.Debug|x86.ActiveCfg = Debug|Any CPU
		{C2A15C3B-BA6E-4FE4-9E69-B3CDE6CD8B75}.Release|Any CPU.ActiveCfg = Release|Any CPU
		{C2A15C3B-BA6E-4FE4-9E69-B3CDE6CD8B75}.Release|Any CPU.Build.0 = Release|Any CPU
		{C2A15C3B-BA6E-4FE4-9E69-B3CDE6CD8B75}.Release|Mixed Platforms.ActiveCfg = Release|Any CPU
		{C2A15C3B-BA6E-4FE4-9E69-B3CDE6CD8B75}.Release|x86.ActiveCfg = Release|Any CPU
		{232FB19D-F176-4299-B196-B01F77B50D39}.Debug|Any CPU.ActiveCfg = Debug|Any CPU
		{232FB19D-F176-4299-B196-B01F77B50D39}.Debug|Any CPU.Build.0 = Debug|Any CPU
		{232FB19D-F176-4299-B196-B01F77B50D39}.Debug|Mixed Platforms.ActiveCfg = Debug|Any CPU
		{232FB19D-F176-4299-B196-B01F77B50D39}.Debug|x86.ActiveCfg = Debug|Any CPU
		{232FB19D-F176-4299-B196-B01F77B50D39}.Release|Any CPU.ActiveCfg = Release|Any CPU
		{232FB19D-F176-4299-B196-B01F77B50D39}.Release|Any CPU.Build.0 = Release|Any CPU
		{232FB19D-F176-4299-B196-B01F77B50D39}.Release|Mixed Platforms.ActiveCfg = Release|Any CPU
		{232FB19D-F176-4299-B196-B01F77B50D39}.Release|x86.ActiveCfg = Release|Any CPU
		{FADADBA6-1C7C-4790-B28A-742B003A5AC1}.Debug|Any CPU.ActiveCfg = Debug|Any CPU
		{FADADBA6-1C7C-4790-B28A-742B003A5AC1}.Debug|Any CPU.Build.0 = Debug|Any CPU
		{FADADBA6-1C7C-4790-B28A-742B003A5AC1}.Debug|Mixed Platforms.ActiveCfg = Debug|Any CPU
		{FADADBA6-1C7C-4790-B28A-742B003A5AC1}.Debug|x86.ActiveCfg = Debug|Any CPU
		{FADADBA6-1C7C-4790-B28A-742B003A5AC1}.Release|Any CPU.ActiveCfg = Release|Any CPU
		{FADADBA6-1C7C-4790-B28A-742B003A5AC1}.Release|Any CPU.Build.0 = Release|Any CPU
		{FADADBA6-1C7C-4790-B28A-742B003A5AC1}.Release|Mixed Platforms.ActiveCfg = Release|Any CPU
		{FADADBA6-1C7C-4790-B28A-742B003A5AC1}.Release|x86.ActiveCfg = Release|Any CPU
		{EFE864C3-6C11-4A06-9E9A-BD084AA82E96}.Debug|Any CPU.ActiveCfg = Debug|Any CPU
		{EFE864C3-6C11-4A06-9E9A-BD084AA82E96}.Debug|Any CPU.Build.0 = Debug|Any CPU
		{EFE864C3-6C11-4A06-9E9A-BD084AA82E96}.Debug|Mixed Platforms.ActiveCfg = Debug|Any CPU
		{EFE864C3-6C11-4A06-9E9A-BD084AA82E96}.Debug|Mixed Platforms.Build.0 = Debug|Any CPU
		{EFE864C3-6C11-4A06-9E9A-BD084AA82E96}.Debug|x86.ActiveCfg = Debug|Any CPU
		{EFE864C3-6C11-4A06-9E9A-BD084AA82E96}.Release|Any CPU.ActiveCfg = Release|Any CPU
		{EFE864C3-6C11-4A06-9E9A-BD084AA82E96}.Release|Any CPU.Build.0 = Release|Any CPU
		{EFE864C3-6C11-4A06-9E9A-BD084AA82E96}.Release|Mixed Platforms.ActiveCfg = Release|Any CPU
		{EFE864C3-6C11-4A06-9E9A-BD084AA82E96}.Release|Mixed Platforms.Build.0 = Release|Any CPU
		{EFE864C3-6C11-4A06-9E9A-BD084AA82E96}.Release|x86.ActiveCfg = Release|Any CPU
		{D2108D96-F5AB-4E8A-AA79-986006EB4393}.Debug|Any CPU.ActiveCfg = Debug|Any CPU
		{D2108D96-F5AB-4E8A-AA79-986006EB4393}.Debug|Any CPU.Build.0 = Debug|Any CPU
		{D2108D96-F5AB-4E8A-AA79-986006EB4393}.Debug|Mixed Platforms.ActiveCfg = Debug|Any CPU
		{D2108D96-F5AB-4E8A-AA79-986006EB4393}.Debug|Mixed Platforms.Build.0 = Debug|Any CPU
		{D2108D96-F5AB-4E8A-AA79-986006EB4393}.Debug|x86.ActiveCfg = Debug|Any CPU
		{D2108D96-F5AB-4E8A-AA79-986006EB4393}.Release|Any CPU.ActiveCfg = Release|Any CPU
		{D2108D96-F5AB-4E8A-AA79-986006EB4393}.Release|Any CPU.Build.0 = Release|Any CPU
		{D2108D96-F5AB-4E8A-AA79-986006EB4393}.Release|Mixed Platforms.ActiveCfg = Release|Any CPU
		{D2108D96-F5AB-4E8A-AA79-986006EB4393}.Release|Mixed Platforms.Build.0 = Release|Any CPU
		{D2108D96-F5AB-4E8A-AA79-986006EB4393}.Release|x86.ActiveCfg = Release|Any CPU
		{A4AA5EE1-C717-4D27-B6C9-713D2D42220E}.Debug|Any CPU.ActiveCfg = Debug|x86
		{A4AA5EE1-C717-4D27-B6C9-713D2D42220E}.Debug|Any CPU.Build.0 = Debug|x86
		{A4AA5EE1-C717-4D27-B6C9-713D2D42220E}.Debug|Mixed Platforms.ActiveCfg = Debug|x86
		{A4AA5EE1-C717-4D27-B6C9-713D2D42220E}.Debug|Mixed Platforms.Build.0 = Debug|x86
		{A4AA5EE1-C717-4D27-B6C9-713D2D42220E}.Debug|x86.ActiveCfg = Debug|x86
		{A4AA5EE1-C717-4D27-B6C9-713D2D42220E}.Debug|x86.Build.0 = Debug|x86
		{A4AA5EE1-C717-4D27-B6C9-713D2D42220E}.Release|Any CPU.ActiveCfg = Release|x86
		{A4AA5EE1-C717-4D27-B6C9-713D2D42220E}.Release|Any CPU.Build.0 = Release|x86
		{A4AA5EE1-C717-4D27-B6C9-713D2D42220E}.Release|Mixed Platforms.ActiveCfg = Release|x86
		{A4AA5EE1-C717-4D27-B6C9-713D2D42220E}.Release|Mixed Platforms.Build.0 = Release|x86
		{A4AA5EE1-C717-4D27-B6C9-713D2D42220E}.Release|x86.ActiveCfg = Release|x86
		{A4AA5EE1-C717-4D27-B6C9-713D2D42220E}.Release|x86.Build.0 = Release|x86
		{54A3F441-6FE4-4BE1-A669-C35941B2DB17}.Debug|Any CPU.ActiveCfg = Debug|Any CPU
		{54A3F441-6FE4-4BE1-A669-C35941B2DB17}.Debug|Any CPU.Build.0 = Debug|Any CPU
		{54A3F441-6FE4-4BE1-A669-C35941B2DB17}.Debug|Mixed Platforms.ActiveCfg = Debug|Any CPU
		{54A3F441-6FE4-4BE1-A669-C35941B2DB17}.Debug|Mixed Platforms.Build.0 = Debug|Any CPU
		{54A3F441-6FE4-4BE1-A669-C35941B2DB17}.Debug|x86.ActiveCfg = Debug|Any CPU
		{54A3F441-6FE4-4BE1-A669-C35941B2DB17}.Release|Any CPU.ActiveCfg = Release|Any CPU
		{54A3F441-6FE4-4BE1-A669-C35941B2DB17}.Release|Any CPU.Build.0 = Release|Any CPU
		{54A3F441-6FE4-4BE1-A669-C35941B2DB17}.Release|Mixed Platforms.ActiveCfg = Release|Any CPU
		{54A3F441-6FE4-4BE1-A669-C35941B2DB17}.Release|Mixed Platforms.Build.0 = Release|Any CPU
		{54A3F441-6FE4-4BE1-A669-C35941B2DB17}.Release|x86.ActiveCfg = Release|Any CPU
		{912977D5-0889-4433-9C63-A37B01411EBC}.Debug|Any CPU.ActiveCfg = Debug|Any CPU
		{912977D5-0889-4433-9C63-A37B01411EBC}.Debug|Any CPU.Build.0 = Debug|Any CPU
		{912977D5-0889-4433-9C63-A37B01411EBC}.Debug|Mixed Platforms.ActiveCfg = Debug|Any CPU
		{912977D5-0889-4433-9C63-A37B01411EBC}.Debug|Mixed Platforms.Build.0 = Debug|Any CPU
		{912977D5-0889-4433-9C63-A37B01411EBC}.Debug|x86.ActiveCfg = Debug|Any CPU
		{912977D5-0889-4433-9C63-A37B01411EBC}.Release|Any CPU.ActiveCfg = Release|Any CPU
		{912977D5-0889-4433-9C63-A37B01411EBC}.Release|Any CPU.Build.0 = Release|Any CPU
		{912977D5-0889-4433-9C63-A37B01411EBC}.Release|Mixed Platforms.ActiveCfg = Release|Any CPU
		{912977D5-0889-4433-9C63-A37B01411EBC}.Release|Mixed Platforms.Build.0 = Release|Any CPU
		{912977D5-0889-4433-9C63-A37B01411EBC}.Release|x86.ActiveCfg = Release|Any CPU
	EndGlobalSection
	GlobalSection(SolutionProperties) = preSolution
		HideSolutionNode = FALSE
	EndGlobalSection
	GlobalSection(NestedProjects) = preSolution
		{835D447C-0578-49D3-8B9E-F4DA84CBED06} = {8DBA6D95-E81A-4D49-A3B7-DFB691415108}
		{EFE864C3-6C11-4A06-9E9A-BD084AA82E96} = {8DBA6D95-E81A-4D49-A3B7-DFB691415108}
		{54A3F441-6FE4-4BE1-A669-C35941B2DB17} = {8DBA6D95-E81A-4D49-A3B7-DFB691415108}
		{912977D5-0889-4433-9C63-A37B01411EBC} = {8DBA6D95-E81A-4D49-A3B7-DFB691415108}
		{C2A15C3B-BA6E-4FE4-9E69-B3CDE6CD8B75} = {31F5FDD7-C2CE-473F-9A4E-2209EE213A61}
		{232FB19D-F176-4299-B196-B01F77B50D39} = {31F5FDD7-C2CE-473F-9A4E-2209EE213A61}
		{FADADBA6-1C7C-4790-B28A-742B003A5AC1} = {31F5FDD7-C2CE-473F-9A4E-2209EE213A61}
		{D2108D96-F5AB-4E8A-AA79-986006EB4393} = {BEB87237-5D9C-4EF9-95BE-7758430926AF}
		{A4AA5EE1-C717-4D27-B6C9-713D2D42220E} = {BEB87237-5D9C-4EF9-95BE-7758430926AF}
	EndGlobalSection
EndGlobal
