
Microsoft Visual Studio Solution File, Format Version 11.00
# Visual Studio 2010
Project("{2150E333-8FDC-42A3-9474-1A3956D46DE8}") = "Silverlight4", "Silverlight4", "{8DBA6D95-E81A-4D49-A3B7-DFB691415108}"
EndProject
Project("{FAE04EC0-301F-11D3-BF4B-00C04F79EFBC}") = "FacetedWorlds.MyCon.Model", "Silverlight4\FacetedWorlds.MyCon.Model\FacetedWorlds.MyCon.Model.csproj", "{835D447C-0578-49D3-8B9E-F4DA84CBED06}"
EndProject
Project("{2150E333-8FDC-42A3-9474-1A3956D46DE8}") = "WP7", "WP7", "{31F5FDD7-C2CE-473F-9A4E-2209EE213A61}"
EndProject
Project("{FAE04EC0-301F-11D3-BF4B-00C04F79EFBC}") = "FacetedWorlds.MyCon.Model", "WP7\FacetedWorlds.MyCon.Model\FacetedWorlds.MyCon.Model.csproj", "{C2A15C3B-BA6E-4FE4-9E69-B3CDE6CD8B75}"
EndProject
Project("{FAE04EC0-301F-11D3-BF4B-00C04F79EFBC}") = "FacetedWorlds.MyCon", "WP7\FacetedWorlds.MyCon\FacetedWorlds.MyCon.csproj", "{232FB19D-F176-4299-B196-B01F77B50D39}"
EndProject
Global
	GlobalSection(SolutionConfigurationPlatforms) = preSolution
		Debug|Any CPU = Debug|Any CPU
		Release|Any CPU = Release|Any CPU
	EndGlobalSection
	GlobalSection(ProjectConfigurationPlatforms) = postSolution
		{835D447C-0578-49D3-8B9E-F4DA84CBED06}.Debug|Any CPU.ActiveCfg = Debug|Any CPU
		{835D447C-0578-49D3-8B9E-F4DA84CBED06}.Debug|Any CPU.Build.0 = Debug|Any CPU
		{835D447C-0578-49D3-8B9E-F4DA84CBED06}.Release|Any CPU.ActiveCfg = Release|Any CPU
		{835D447C-0578-49D3-8B9E-F4DA84CBED06}.Release|Any CPU.Build.0 = Release|Any CPU
		{C2A15C3B-BA6E-4FE4-9E69-B3CDE6CD8B75}.Debug|Any CPU.ActiveCfg = Debug|Any CPU
		{C2A15C3B-BA6E-4FE4-9E69-B3CDE6CD8B75}.Debug|Any CPU.Build.0 = Debug|Any CPU
		{C2A15C3B-BA6E-4FE4-9E69-B3CDE6CD8B75}.Release|Any CPU.ActiveCfg = Release|Any CPU
		{C2A15C3B-BA6E-4FE4-9E69-B3CDE6CD8B75}.Release|Any CPU.Build.0 = Release|Any CPU
		{232FB19D-F176-4299-B196-B01F77B50D39}.Debug|Any CPU.ActiveCfg = Debug|Any CPU
		{232FB19D-F176-4299-B196-B01F77B50D39}.Debug|Any CPU.Build.0 = Debug|Any CPU
		{232FB19D-F176-4299-B196-B01F77B50D39}.Debug|Any CPU.Deploy.0 = Debug|Any CPU
		{232FB19D-F176-4299-B196-B01F77B50D39}.Release|Any CPU.ActiveCfg = Release|Any CPU
		{232FB19D-F176-4299-B196-B01F77B50D39}.Release|Any CPU.Build.0 = Release|Any CPU
		{232FB19D-F176-4299-B196-B01F77B50D39}.Release|Any CPU.Deploy.0 = Release|Any CPU
	EndGlobalSection
	GlobalSection(SolutionProperties) = preSolution
		HideSolutionNode = FALSE
	EndGlobalSection
	GlobalSection(NestedProjects) = preSolution
		{835D447C-0578-49D3-8B9E-F4DA84CBED06} = {8DBA6D95-E81A-4D49-A3B7-DFB691415108}
		{C2A15C3B-BA6E-4FE4-9E69-B3CDE6CD8B75} = {31F5FDD7-C2CE-473F-9A4E-2209EE213A61}
		{232FB19D-F176-4299-B196-B01F77B50D39} = {31F5FDD7-C2CE-473F-9A4E-2209EE213A61}
	EndGlobalSection
EndGlobal
